
Microsoft Visual Studio Solution File, Format Version 12.00
# Visual Studio Version 17
VisualStudioVersion = 17.10.35122.118
MinimumVisualStudioVersion = 10.0.40219.1
Project("{2150E333-8FDC-42A3-9474-1A3956D46DE8}") = "src", "src", "{403AB4CE-50E9-46EE-9BC5-7208507E0D07}"
EndProject
Project("{FAE04EC0-301F-11D3-BF4B-00C04F79EFBC}") = "NETGroove.AppHost", "src\NETGroove.AppHost\NETGroove.AppHost.csproj", "{B14AD182-1000-4A7E-8696-A450F716DDF4}"
EndProject
Project("{9A19103F-16F7-4668-BE54-9A1E7A4F7556}") = "NETGroove.ServiceDefaults", "src\NETGroove.ServiceDefaults\NETGroove.ServiceDefaults.csproj", "{62520D27-7623-4E9B-B8A0-6E48FCA54802}"
EndProject
Project("{9A19103F-16F7-4668-BE54-9A1E7A4F7556}") = "NETGroove.ApiService", "src\NETGroove.ApiService\NETGroove.ApiService.csproj", "{99CFA6B1-DBD7-4E9B-B382-8D66A690B311}"
EndProject
Project("{9A19103F-16F7-4668-BE54-9A1E7A4F7556}") = "NETGroove.Web", "src\NETGroove.Web\NETGroove.Web.csproj", "{5BA4C646-0EAF-4E03-9AE2-05E05647BEEA}"
EndProject
Project("{9A19103F-16F7-4668-BE54-9A1E7A4F7556}") = "NETGroove.Tests", "src\NETGroove.Tests\NETGroove.Tests.csproj", "{049235AF-DB23-4230-8121-1C3BB63A4336}"
EndProject
Project("{FAE04EC0-301F-11D3-BF4B-00C04F79EFBC}") = "NETGroove.UserService", "src\NETGroove.UserService\NETGroove.UserService.csproj", "{42EF3A63-EC08-45D1-AF0D-5688231584A3}"
EndProject
Project("{FAE04EC0-301F-11D3-BF4B-00C04F79EFBC}") = "NETGroove.CatalogService", "src\NETGroove.CatalogService\NETGroove.CatalogService.csproj", "{359BF58E-C030-499B-A830-E75757C68D88}"
EndProject
Project("{FAE04EC0-301F-11D3-BF4B-00C04F79EFBC}") = "NETGroove.RecommendationService", "src\NETGroove.RecommendationService\NETGroove.RecommendationService.csproj", "{E6EA1874-6935-4C70-97D8-351B8B52F6B5}"
EndProject
Project("{FAE04EC0-301F-11D3-BF4B-00C04F79EFBC}") = "NetGroove.StreamingService", "src\NetGroove.StreamingService\NetGroove.StreamingService.csproj", "{BA6F4E2C-B41D-460E-B4A0-70163942E3BE}"
EndProject
Project("{FAE04EC0-301F-11D3-BF4B-00C04F79EFBC}") = "NetGroove.ArtistInfoService", "src\NetGroove.ArtistInfoService\NetGroove.ArtistInfoService.csproj", "{023178E4-62E1-4713-B46F-A6CFC8DE4B1A}"
EndProject
Project("{FAE04EC0-301F-11D3-BF4B-00C04F79EFBC}") = "NETGroove.PlaylistService", "src\NETGroove.PlaylistService\NETGroove.PlaylistService.csproj", "{090BE1AD-220D-4367-8AA7-8C6BA8F07F74}"
EndProject
Global
	GlobalSection(SolutionConfigurationPlatforms) = preSolution
		Debug|Any CPU = Debug|Any CPU
		Release|Any CPU = Release|Any CPU
	EndGlobalSection
	GlobalSection(ProjectConfigurationPlatforms) = postSolution
		{B14AD182-1000-4A7E-8696-A450F716DDF4}.Debug|Any CPU.ActiveCfg = Debug|Any CPU
		{B14AD182-1000-4A7E-8696-A450F716DDF4}.Debug|Any CPU.Build.0 = Debug|Any CPU
		{B14AD182-1000-4A7E-8696-A450F716DDF4}.Release|Any CPU.ActiveCfg = Release|Any CPU
		{B14AD182-1000-4A7E-8696-A450F716DDF4}.Release|Any CPU.Build.0 = Release|Any CPU
		{62520D27-7623-4E9B-B8A0-6E48FCA54802}.Debug|Any CPU.ActiveCfg = Debug|Any CPU
		{62520D27-7623-4E9B-B8A0-6E48FCA54802}.Debug|Any CPU.Build.0 = Debug|Any CPU
		{62520D27-7623-4E9B-B8A0-6E48FCA54802}.Release|Any CPU.ActiveCfg = Release|Any CPU
		{62520D27-7623-4E9B-B8A0-6E48FCA54802}.Release|Any CPU.Build.0 = Release|Any CPU
		{99CFA6B1-DBD7-4E9B-B382-8D66A690B311}.Debug|Any CPU.ActiveCfg = Debug|Any CPU
		{99CFA6B1-DBD7-4E9B-B382-8D66A690B311}.Debug|Any CPU.Build.0 = Debug|Any CPU
		{99CFA6B1-DBD7-4E9B-B382-8D66A690B311}.Release|Any CPU.ActiveCfg = Release|Any CPU
		{99CFA6B1-DBD7-4E9B-B382-8D66A690B311}.Release|Any CPU.Build.0 = Release|Any CPU
		{5BA4C646-0EAF-4E03-9AE2-05E05647BEEA}.Debug|Any CPU.ActiveCfg = Debug|Any CPU
		{5BA4C646-0EAF-4E03-9AE2-05E05647BEEA}.Debug|Any CPU.Build.0 = Debug|Any CPU
		{5BA4C646-0EAF-4E03-9AE2-05E05647BEEA}.Release|Any CPU.ActiveCfg = Release|Any CPU
		{5BA4C646-0EAF-4E03-9AE2-05E05647BEEA}.Release|Any CPU.Build.0 = Release|Any CPU
		{049235AF-DB23-4230-8121-1C3BB63A4336}.Debug|Any CPU.ActiveCfg = Debug|Any CPU
		{049235AF-DB23-4230-8121-1C3BB63A4336}.Debug|Any CPU.Build.0 = Debug|Any CPU
		{049235AF-DB23-4230-8121-1C3BB63A4336}.Release|Any CPU.ActiveCfg = Release|Any CPU
		{049235AF-DB23-4230-8121-1C3BB63A4336}.Release|Any CPU.Build.0 = Release|Any CPU
		{42EF3A63-EC08-45D1-AF0D-5688231584A3}.Debug|Any CPU.ActiveCfg = Debug|Any CPU
		{42EF3A63-EC08-45D1-AF0D-5688231584A3}.Debug|Any CPU.Build.0 = Debug|Any CPU
		{42EF3A63-EC08-45D1-AF0D-5688231584A3}.Release|Any CPU.ActiveCfg = Release|Any CPU
		{42EF3A63-EC08-45D1-AF0D-5688231584A3}.Release|Any CPU.Build.0 = Release|Any CPU
		{359BF58E-C030-499B-A830-E75757C68D88}.Debug|Any CPU.ActiveCfg = Debug|Any CPU
		{359BF58E-C030-499B-A830-E75757C68D88}.Debug|Any CPU.Build.0 = Debug|Any CPU
		{359BF58E-C030-499B-A830-E75757C68D88}.Release|Any CPU.ActiveCfg = Release|Any CPU
		{359BF58E-C030-499B-A830-E75757C68D88}.Release|Any CPU.Build.0 = Release|Any CPU
		{E6EA1874-6935-4C70-97D8-351B8B52F6B5}.Debug|Any CPU.ActiveCfg = Debug|Any CPU
		{E6EA1874-6935-4C70-97D8-351B8B52F6B5}.Debug|Any CPU.Build.0 = Debug|Any CPU
		{E6EA1874-6935-4C70-97D8-351B8B52F6B5}.Release|Any CPU.ActiveCfg = Release|Any CPU
		{E6EA1874-6935-4C70-97D8-351B8B52F6B5}.Release|Any CPU.Build.0 = Release|Any CPU
		{BA6F4E2C-B41D-460E-B4A0-70163942E3BE}.Debug|Any CPU.ActiveCfg = Debug|Any CPU
		{BA6F4E2C-B41D-460E-B4A0-70163942E3BE}.Debug|Any CPU.Build.0 = Debug|Any CPU
		{BA6F4E2C-B41D-460E-B4A0-70163942E3BE}.Release|Any CPU.ActiveCfg = Release|Any CPU
		{BA6F4E2C-B41D-460E-B4A0-70163942E3BE}.Release|Any CPU.Build.0 = Release|Any CPU
		{023178E4-62E1-4713-B46F-A6CFC8DE4B1A}.Debug|Any CPU.ActiveCfg = Debug|Any CPU
		{023178E4-62E1-4713-B46F-A6CFC8DE4B1A}.Debug|Any CPU.Build.0 = Debug|Any CPU
		{023178E4-62E1-4713-B46F-A6CFC8DE4B1A}.Release|Any CPU.ActiveCfg = Release|Any CPU
		{023178E4-62E1-4713-B46F-A6CFC8DE4B1A}.Release|Any CPU.Build.0 = Release|Any CPU
		{090BE1AD-220D-4367-8AA7-8C6BA8F07F74}.Debug|Any CPU.ActiveCfg = Debug|Any CPU
		{090BE1AD-220D-4367-8AA7-8C6BA8F07F74}.Debug|Any CPU.Build.0 = Debug|Any CPU
		{090BE1AD-220D-4367-8AA7-8C6BA8F07F74}.Release|Any CPU.ActiveCfg = Release|Any CPU
		{090BE1AD-220D-4367-8AA7-8C6BA8F07F74}.Release|Any CPU.Build.0 = Release|Any CPU
	EndGlobalSection
	GlobalSection(SolutionProperties) = preSolution
		HideSolutionNode = FALSE
	EndGlobalSection
	GlobalSection(NestedProjects) = preSolution
		{B14AD182-1000-4A7E-8696-A450F716DDF4} = {403AB4CE-50E9-46EE-9BC5-7208507E0D07}
		{62520D27-7623-4E9B-B8A0-6E48FCA54802} = {403AB4CE-50E9-46EE-9BC5-7208507E0D07}
		{99CFA6B1-DBD7-4E9B-B382-8D66A690B311} = {403AB4CE-50E9-46EE-9BC5-7208507E0D07}
		{5BA4C646-0EAF-4E03-9AE2-05E05647BEEA} = {403AB4CE-50E9-46EE-9BC5-7208507E0D07}
		{049235AF-DB23-4230-8121-1C3BB63A4336} = {403AB4CE-50E9-46EE-9BC5-7208507E0D07}
		{42EF3A63-EC08-45D1-AF0D-5688231584A3} = {403AB4CE-50E9-46EE-9BC5-7208507E0D07}
		{359BF58E-C030-499B-A830-E75757C68D88} = {403AB4CE-50E9-46EE-9BC5-7208507E0D07}
		{E6EA1874-6935-4C70-97D8-351B8B52F6B5} = {403AB4CE-50E9-46EE-9BC5-7208507E0D07}
		{BA6F4E2C-B41D-460E-B4A0-70163942E3BE} = {403AB4CE-50E9-46EE-9BC5-7208507E0D07}
		{023178E4-62E1-4713-B46F-A6CFC8DE4B1A} = {403AB4CE-50E9-46EE-9BC5-7208507E0D07}
		{090BE1AD-220D-4367-8AA7-8C6BA8F07F74} = {403AB4CE-50E9-46EE-9BC5-7208507E0D07}
	EndGlobalSection
	GlobalSection(ExtensibilityGlobals) = postSolution
		SolutionGuid = {A9BCDDBC-B4BB-4B44-B40F-3FF0754973D4}
	EndGlobalSection
EndGlobal
